// !$*UTF8*$!
{
	archiveVersion = 1;
	classes = {
	};
	objectVersion = 55;
	objects = {

/* Begin PBXBuildFile section */
		058C53A4287CDACA00235177 /* iOS_DollarCostAveragingApp.swift in Sources */ = {isa = PBXBuildFile; fileRef = 058C53A3287CDACA00235177 /* iOS_DollarCostAveragingApp.swift */; };
		058C53A6287CDACA00235177 /* ContentView.swift in Sources */ = {isa = PBXBuildFile; fileRef = 058C53A5287CDACA00235177 /* ContentView.swift */; };
		058C53A8287CDACB00235177 /* Assets.xcassets in Resources */ = {isa = PBXBuildFile; fileRef = 058C53A7287CDACB00235177 /* Assets.xcassets */; };
		058C53AB287CDACB00235177 /* Preview Assets.xcassets in Resources */ = {isa = PBXBuildFile; fileRef = 058C53AA287CDACB00235177 /* Preview Assets.xcassets */; };
		058C53B5287CDACB00235177 /* iOS_DollarCostAveragingTests.swift in Sources */ = {isa = PBXBuildFile; fileRef = 058C53B4287CDACB00235177 /* iOS_DollarCostAveragingTests.swift */; };
		058C53BF287CDACB00235177 /* iOS_DollarCostAveragingUITests.swift in Sources */ = {isa = PBXBuildFile; fileRef = 058C53BE287CDACB00235177 /* iOS_DollarCostAveragingUITests.swift */; };
		058C53C1287CDACB00235177 /* iOS_DollarCostAveragingUITestsLaunchTests.swift in Sources */ = {isa = PBXBuildFile; fileRef = 058C53C0287CDACB00235177 /* iOS_DollarCostAveragingUITestsLaunchTests.swift */; };
/* End PBXBuildFile section */

/* Begin PBXContainerItemProxy section */
		058C53B1287CDACB00235177 /* PBXContainerItemProxy */ = {
			isa = PBXContainerItemProxy;
			containerPortal = 058C5398287CDACA00235177 /* Project object */;
			proxyType = 1;
			remoteGlobalIDString = 058C539F287CDACA00235177;
			remoteInfo = "iOS-DollarCostAveraging";
		};
		058C53BB287CDACB00235177 /* PBXContainerItemProxy */ = {
			isa = PBXContainerItemProxy;
			containerPortal = 058C5398287CDACA00235177 /* Project object */;
			proxyType = 1;
			remoteGlobalIDString = 058C539F287CDACA00235177;
			remoteInfo = "iOS-DollarCostAveraging";
		};
/* End PBXContainerItemProxy section */

/* Begin PBXFileReference section */
		058C53A0287CDACA00235177 /* iOS-DollarCostAveraging.app */ = {isa = PBXFileReference; explicitFileType = wrapper.application; includeInIndex = 0; path = "iOS-DollarCostAveraging.app"; sourceTree = BUILT_PRODUCTS_DIR; };
		058C53A3287CDACA00235177 /* iOS_DollarCostAveragingApp.swift */ = {isa = PBXFileReference; lastKnownFileType = sourcecode.swift; path = iOS_DollarCostAveragingApp.swift; sourceTree = "<group>"; };
		058C53A5287CDACA00235177 /* ContentView.swift */ = {isa = PBXFileReference; lastKnownFileType = sourcecode.swift; path = ContentView.swift; sourceTree = "<group>"; };
		058C53A7287CDACB00235177 /* Assets.xcassets */ = {isa = PBXFileReference; lastKnownFileType = folder.assetcatalog; path = Assets.xcassets; sourceTree = "<group>"; };
		058C53AA287CDACB00235177 /* Preview Assets.xcassets */ = {isa = PBXFileReference; lastKnownFileType = folder.assetcatalog; path = "Preview Assets.xcassets"; sourceTree = "<group>"; };
		058C53B0287CDACB00235177 /* iOS-DollarCostAveragingTests.xctest */ = {isa = PBXFileReference; explicitFileType = wrapper.cfbundle; includeInIndex = 0; path = "iOS-DollarCostAveragingTests.xctest"; sourceTree = BUILT_PRODUCTS_DIR; };
		058C53B4287CDACB00235177 /* iOS_DollarCostAveragingTests.swift */ = {isa = PBXFileReference; lastKnownFileType = sourcecode.swift; path = iOS_DollarCostAveragingTests.swift; sourceTree = "<group>"; };
		058C53BA287CDACB00235177 /* iOS-DollarCostAveragingUITests.xctest */ = {isa = PBXFileReference; explicitFileType = wrapper.cfbundle; includeInIndex = 0; path = "iOS-DollarCostAveragingUITests.xctest"; sourceTree = BUILT_PRODUCTS_DIR; };
		058C53BE287CDACB00235177 /* iOS_DollarCostAveragingUITests.swift */ = {isa = PBXFileReference; lastKnownFileType = sourcecode.swift; path = iOS_DollarCostAveragingUITests.swift; sourceTree = "<group>"; };
		058C53C0287CDACB00235177 /* iOS_DollarCostAveragingUITestsLaunchTests.swift */ = {isa = PBXFileReference; lastKnownFileType = sourcecode.swift; path = iOS_DollarCostAveragingUITestsLaunchTests.swift; sourceTree = "<group>"; };
/* End PBXFileReference section */

/* Begin PBXFrameworksBuildPhase section */
		058C539D287CDACA00235177 /* Frameworks */ = {
			isa = PBXFrameworksBuildPhase;
			buildActionMask = 2147483647;
			files = (
			);
			runOnlyForDeploymentPostprocessing = 0;
		};
		058C53AD287CDACB00235177 /* Frameworks */ = {
			isa = PBXFrameworksBuildPhase;
			buildActionMask = 2147483647;
			files = (
			);
			runOnlyForDeploymentPostprocessing = 0;
		};
		058C53B7287CDACB00235177 /* Frameworks */ = {
			isa = PBXFrameworksBuildPhase;
			buildActionMask = 2147483647;
			files = (
			);
			runOnlyForDeploymentPostprocessing = 0;
		};
/* End PBXFrameworksBuildPhase section */

/* Begin PBXGroup section */
		058C5397287CDACA00235177 = {
			isa = PBXGroup;
			children = (
				058C53A2287CDACA00235177 /* iOS-DollarCostAveraging */,
				058C53B3287CDACB00235177 /* iOS-DollarCostAveragingTests */,
				058C53BD287CDACB00235177 /* iOS-DollarCostAveragingUITests */,
				058C53A1287CDACA00235177 /* Products */,
			);
			sourceTree = "<group>";
		};
		058C53A1287CDACA00235177 /* Products */ = {
			isa = PBXGroup;
			children = (
				058C53A0287CDACA00235177 /* iOS-DollarCostAveraging.app */,
				058C53B0287CDACB00235177 /* iOS-DollarCostAveragingTests.xctest */,
				058C53BA287CDACB00235177 /* iOS-DollarCostAveragingUITests.xctest */,
			);
			name = Products;
			sourceTree = "<group>";
		};
		058C53A2287CDACA00235177 /* iOS-DollarCostAveraging */ = {
			isa = PBXGroup;
			children = (
				058C53A3287CDACA00235177 /* iOS_DollarCostAveragingApp.swift */,
				058C53CD287CDC9700235177 /* Views */,
				058C53A7287CDACB00235177 /* Assets.xcassets */,
				058C53A9287CDACB00235177 /* Preview Content */,
			);
			path = "iOS-DollarCostAveraging";
			sourceTree = "<group>";
		};
		058C53A9287CDACB00235177 /* Preview Content */ = {
			isa = PBXGroup;
			children = (
				058C53AA287CDACB00235177 /* Preview Assets.xcassets */,
			);
			path = "Preview Content";
			sourceTree = "<group>";
		};
		058C53B3287CDACB00235177 /* iOS-DollarCostAveragingTests */ = {
			isa = PBXGroup;
			children = (
				058C53B4287CDACB00235177 /* iOS_DollarCostAveragingTests.swift */,
			);
			path = "iOS-DollarCostAveragingTests";
			sourceTree = "<group>";
		};
		058C53BD287CDACB00235177 /* iOS-DollarCostAveragingUITests */ = {
			isa = PBXGroup;
			children = (
				058C53BE287CDACB00235177 /* iOS_DollarCostAveragingUITests.swift */,
				058C53C0287CDACB00235177 /* iOS_DollarCostAveragingUITestsLaunchTests.swift */,
			);
			path = "iOS-DollarCostAveragingUITests";
			sourceTree = "<group>";
		};
		058C53CD287CDC9700235177 /* Views */ = {
			isa = PBXGroup;
			children = (
				058C53A5287CDACA00235177 /* ContentView.swift */,
			);
			path = Views;
			sourceTree = "<group>";
		};
/* End PBXGroup section */

/* Begin PBXNativeTarget section */
		058C539F287CDACA00235177 /* iOS-DollarCostAveraging */ = {
			isa = PBXNativeTarget;
			buildConfigurationList = 058C53C4287CDACB00235177 /* Build configuration list for PBXNativeTarget "iOS-DollarCostAveraging" */;
			buildPhases = (
				058C539C287CDACA00235177 /* Sources */,
				058C539D287CDACA00235177 /* Frameworks */,
				058C539E287CDACA00235177 /* Resources */,
			);
			buildRules = (
			);
			dependencies = (
			);
			name = "iOS-DollarCostAveraging";
			productName = "iOS-DollarCostAveraging";
			productReference = 058C53A0287CDACA00235177 /* iOS-DollarCostAveraging.app */;
			productType = "com.apple.product-type.application";
		};
		058C53AF287CDACB00235177 /* iOS-DollarCostAveragingTests */ = {
			isa = PBXNativeTarget;
			buildConfigurationList = 058C53C7287CDACB00235177 /* Build configuration list for PBXNativeTarget "iOS-DollarCostAveragingTests" */;
			buildPhases = (
				058C53AC287CDACB00235177 /* Sources */,
				058C53AD287CDACB00235177 /* Frameworks */,
				058C53AE287CDACB00235177 /* Resources */,
			);
			buildRules = (
			);
			dependencies = (
				058C53B2287CDACB00235177 /* PBXTargetDependency */,
			);
			name = "iOS-DollarCostAveragingTests";
			productName = "iOS-DollarCostAveragingTests";
			productReference = 058C53B0287CDACB00235177 /* iOS-DollarCostAveragingTests.xctest */;
			productType = "com.apple.product-type.bundle.unit-test";
		};
		058C53B9287CDACB00235177 /* iOS-DollarCostAveragingUITests */ = {
			isa = PBXNativeTarget;
			buildConfigurationList = 058C53CA287CDACB00235177 /* Build configuration list for PBXNativeTarget "iOS-DollarCostAveragingUITests" */;
			buildPhases = (
				058C53B6287CDACB00235177 /* Sources */,
				058C53B7287CDACB00235177 /* Frameworks */,
				058C53B8287CDACB00235177 /* Resources */,
			);
			buildRules = (
			);
			dependencies = (
				058C53BC287CDACB00235177 /* PBXTargetDependency */,
			);
			name = "iOS-DollarCostAveragingUITests";
			productName = "iOS-DollarCostAveragingUITests";
			productReference = 058C53BA287CDACB00235177 /* iOS-DollarCostAveragingUITests.xctest */;
			productType = "com.apple.product-type.bundle.ui-testing";
		};
/* End PBXNativeTarget section */

/* Begin PBXProject section */
		058C5398287CDACA00235177 /* Project object */ = {
			isa = PBXProject;
			attributes = {
				BuildIndependentTargetsInParallel = 1;
				LastSwiftUpdateCheck = 1340;
				LastUpgradeCheck = 1340;
				TargetAttributes = {
					058C539F287CDACA00235177 = {
						CreatedOnToolsVersion = 13.4.1;
					};
					058C53AF287CDACB00235177 = {
						CreatedOnToolsVersion = 13.4.1;
						TestTargetID = 058C539F287CDACA00235177;
					};
					058C53B9287CDACB00235177 = {
						CreatedOnToolsVersion = 13.4.1;
						TestTargetID = 058C539F287CDACA00235177;
					};
				};
			};
			buildConfigurationList = 058C539B287CDACA00235177 /* Build configuration list for PBXProject "iOS-DollarCostAveraging" */;
			compatibilityVersion = "Xcode 13.0";
			developmentRegion = en;
			hasScannedForEncodings = 0;
			knownRegions = (
				en,
				Base,
			);
			mainGroup = 058C5397287CDACA00235177;
			productRefGroup = 058C53A1287CDACA00235177 /* Products */;
			projectDirPath = "";
			projectRoot = "";
			targets = (
				058C539F287CDACA00235177 /* iOS-DollarCostAveraging */,
				058C53AF287CDACB00235177 /* iOS-DollarCostAveragingTests */,
				058C53B9287CDACB00235177 /* iOS-DollarCostAveragingUITests */,
			);
		};
/* End PBXProject section */

/* Begin PBXResourcesBuildPhase section */
		058C539E287CDACA00235177 /* Resources */ = {
			isa = PBXResourcesBuildPhase;
			buildActionMask = 2147483647;
			files = (
				058C53AB287CDACB00235177 /* Preview Assets.xcassets in Resources */,
				058C53A8287CDACB00235177 /* Assets.xcassets in Resources */,
			);
			runOnlyForDeploymentPostprocessing = 0;
		};
		058C53AE287CDACB00235177 /* Resources */ = {
			isa = PBXResourcesBuildPhase;
			buildActionMask = 2147483647;
			files = (
			);
			runOnlyForDeploymentPostprocessing = 0;
		};
		058C53B8287CDACB00235177 /* Resources */ = {
			isa = PBXResourcesBuildPhase;
			buildActionMask = 2147483647;
			files = (
			);
			runOnlyForDeploymentPostprocessing = 0;
		};
/* End PBXResourcesBuildPhase section */

/* Begin PBXSourcesBuildPhase section */
		058C539C287CDACA00235177 /* Sources */ = {
			isa = PBXSourcesBuildPhase;
			buildActionMask = 2147483647;
			files = (
				058C53A6287CDACA00235177 /* ContentView.swift in Sources */,
				058C53A4287CDACA00235177 /* iOS_DollarCostAveragingApp.swift in Sources */,
			);
			runOnlyForDeploymentPostprocessing = 0;
		};
		058C53AC287CDACB00235177 /* Sources */ = {
			isa = PBXSourcesBuildPhase;
			buildActionMask = 2147483647;
			files = (
				058C53B5287CDACB00235177 /* iOS_DollarCostAveragingTests.swift in Sources */,
			);
			runOnlyForDeploymentPostprocessing = 0;
		};
		058C53B6287CDACB00235177 /* Sources */ = {
			isa = PBXSourcesBuildPhase;
			buildActionMask = 2147483647;
			files = (
				058C53C1287CDACB00235177 /* iOS_DollarCostAveragingUITestsLaunchTests.swift in Sources */,
				058C53BF287CDACB00235177 /* iOS_DollarCostAveragingUITests.swift in Sources */,
			);
			runOnlyForDeploymentPostprocessing = 0;
		};
/* End PBXSourcesBuildPhase section */

/* Begin PBXTargetDependency section */
		058C53B2287CDACB00235177 /* PBXTargetDependency */ = {
			isa = PBXTargetDependency;
			target = 058C539F287CDACA00235177 /* iOS-DollarCostAveraging */;
			targetProxy = 058C53B1287CDACB00235177 /* PBXContainerItemProxy */;
		};
		058C53BC287CDACB00235177 /* PBXTargetDependency */ = {
			isa = PBXTargetDependency;
			target = 058C539F287CDACA00235177 /* iOS-DollarCostAveraging */;
			targetProxy = 058C53BB287CDACB00235177 /* PBXContainerItemProxy */;
		};
/* End PBXTargetDependency section */

/* Begin XCBuildConfiguration section */
		058C53C2287CDACB00235177 /* Debug */ = {
			isa = XCBuildConfiguration;
			buildSettings = {
				ALWAYS_SEARCH_USER_PATHS = NO;
				CLANG_ANALYZER_NONNULL = YES;
				CLANG_ANALYZER_NUMBER_OBJECT_CONVERSION = YES_AGGRESSIVE;
				CLANG_CXX_LANGUAGE_STANDARD = "gnu++17";
				CLANG_ENABLE_MODULES = YES;
				CLANG_ENABLE_OBJC_ARC = YES;
				CLANG_ENABLE_OBJC_WEAK = YES;
				CLANG_WARN_BLOCK_CAPTURE_AUTORELEASING = YES;
				CLANG_WARN_BOOL_CONVERSION = YES;
				CLANG_WARN_COMMA = YES;
				CLANG_WARN_CONSTANT_CONVERSION = YES;
				CLANG_WARN_DEPRECATED_OBJC_IMPLEMENTATIONS = YES;
				CLANG_WARN_DIRECT_OBJC_ISA_USAGE = YES_ERROR;
				CLANG_WARN_DOCUMENTATION_COMMENTS = YES;
				CLANG_WARN_EMPTY_BODY = YES;
				CLANG_WARN_ENUM_CONVERSION = YES;
				CLANG_WARN_INFINITE_RECURSION = YES;
				CLANG_WARN_INT_CONVERSION = YES;
				CLANG_WARN_NON_LITERAL_NULL_CONVERSION = YES;
				CLANG_WARN_OBJC_IMPLICIT_RETAIN_SELF = YES;
				CLANG_WARN_OBJC_LITERAL_CONVERSION = YES;
				CLANG_WARN_OBJC_ROOT_CLASS = YES_ERROR;
				CLANG_WARN_QUOTED_INCLUDE_IN_FRAMEWORK_HEADER = YES;
				CLANG_WARN_RANGE_LOOP_ANALYSIS = YES;
				CLANG_WARN_STRICT_PROTOTYPES = YES;
				CLANG_WARN_SUSPICIOUS_MOVE = YES;
				CLANG_WARN_UNGUARDED_AVAILABILITY = YES_AGGRESSIVE;
				CLANG_WARN_UNREACHABLE_CODE = YES;
				CLANG_WARN__DUPLICATE_METHOD_MATCH = YES;
				COPY_PHASE_STRIP = NO;
				DEBUG_INFORMATION_FORMAT = dwarf;
				ENABLE_STRICT_OBJC_MSGSEND = YES;
				ENABLE_TESTABILITY = YES;
				GCC_C_LANGUAGE_STANDARD = gnu11;
				GCC_DYNAMIC_NO_PIC = NO;
				GCC_NO_COMMON_BLOCKS = YES;
				GCC_OPTIMIZATION_LEVEL = 0;
				GCC_PREPROCESSOR_DEFINITIONS = (
					"DEBUG=1",
					"$(inherited)",
				);
				GCC_WARN_64_TO_32_BIT_CONVERSION = YES;
				GCC_WARN_ABOUT_RETURN_TYPE = YES_ERROR;
				GCC_WARN_UNDECLARED_SELECTOR = YES;
				GCC_WARN_UNINITIALIZED_AUTOS = YES_AGGRESSIVE;
				GCC_WARN_UNUSED_FUNCTION = YES;
				GCC_WARN_UNUSED_VARIABLE = YES;
				IPHONEOS_DEPLOYMENT_TARGET = 15.5;
				MTL_ENABLE_DEBUG_INFO = INCLUDE_SOURCE;
				MTL_FAST_MATH = YES;
				ONLY_ACTIVE_ARCH = YES;
				SDKROOT = iphoneos;
				SWIFT_ACTIVE_COMPILATION_CONDITIONS = DEBUG;
				SWIFT_OPTIMIZATION_LEVEL = "-Onone";
			};
			name = Debug;
		};
		058C53C3287CDACB00235177 /* Release */ = {
			isa = XCBuildConfiguration;
			buildSettings = {
				ALWAYS_SEARCH_USER_PATHS = NO;
				CLANG_ANALYZER_NONNULL = YES;
				CLANG_ANALYZER_NUMBER_OBJECT_CONVERSION = YES_AGGRESSIVE;
				CLANG_CXX_LANGUAGE_STANDARD = "gnu++17";
				CLANG_ENABLE_MODULES = YES;
				CLANG_ENABLE_OBJC_ARC = YES;
				CLANG_ENABLE_OBJC_WEAK = YES;
				CLANG_WARN_BLOCK_CAPTURE_AUTORELEASING = YES;
				CLANG_WARN_BOOL_CONVERSION = YES;
				CLANG_WARN_COMMA = YES;
				CLANG_WARN_CONSTANT_CONVERSION = YES;
				CLANG_WARN_DEPRECATED_OBJC_IMPLEMENTATIONS = YES;
				CLANG_WARN_DIRECT_OBJC_ISA_USAGE = YES_ERROR;
				CLANG_WARN_DOCUMENTATION_COMMENTS = YES;
				CLANG_WARN_EMPTY_BODY = YES;
				CLANG_WARN_ENUM_CONVERSION = YES;
				CLANG_WARN_INFINITE_RECURSION = YES;
				CLANG_WARN_INT_CONVERSION = YES;
				CLANG_WARN_NON_LITERAL_NULL_CONVERSION = YES;
				CLANG_WARN_OBJC_IMPLICIT_RETAIN_SELF = YES;
				CLANG_WARN_OBJC_LITERAL_CONVERSION = YES;
				CLANG_WARN_OBJC_ROOT_CLASS = YES_ERROR;
				CLANG_WARN_QUOTED_INCLUDE_IN_FRAMEWORK_HEADER = YES;
				CLANG_WARN_RANGE_LOOP_ANALYSIS = YES;
				CLANG_WARN_STRICT_PROTOTYPES = YES;
				CLANG_WARN_SUSPICIOUS_MOVE = YES;
				CLANG_WARN_UNGUARDED_AVAILABILITY = YES_AGGRESSIVE;
				CLANG_WARN_UNREACHABLE_CODE = YES;
				CLANG_WARN__DUPLICATE_METHOD_MATCH = YES;
				COPY_PHASE_STRIP = NO;
				DEBUG_INFORMATION_FORMAT = "dwarf-with-dsym";
				ENABLE_NS_ASSERTIONS = NO;
				ENABLE_STRICT_OBJC_MSGSEND = YES;
				GCC_C_LANGUAGE_STANDARD = gnu11;
				GCC_NO_COMMON_BLOCKS = YES;
				GCC_WARN_64_TO_32_BIT_CONVERSION = YES;
				GCC_WARN_ABOUT_RETURN_TYPE = YES_ERROR;
				GCC_WARN_UNDECLARED_SELECTOR = YES;
				GCC_WARN_UNINITIALIZED_AUTOS = YES_AGGRESSIVE;
				GCC_WARN_UNUSED_FUNCTION = YES;
				GCC_WARN_UNUSED_VARIABLE = YES;
				IPHONEOS_DEPLOYMENT_TARGET = 15.5;
				MTL_ENABLE_DEBUG_INFO = NO;
				MTL_FAST_MATH = YES;
				SDKROOT = iphoneos;
				SWIFT_COMPILATION_MODE = wholemodule;
				SWIFT_OPTIMIZATION_LEVEL = "-O";
				VALIDATE_PRODUCT = YES;
			};
			name = Release;
		};
		058C53C5287CDACB00235177 /* Debug */ = {
			isa = XCBuildConfiguration;
			buildSettings = {
				ASSETCATALOG_COMPILER_APPICON_NAME = AppIcon;
				ASSETCATALOG_COMPILER_GLOBAL_ACCENT_COLOR_NAME = AccentColor;
				CODE_SIGN_STYLE = Automatic;
				CURRENT_PROJECT_VERSION = 1;
				DEVELOPMENT_ASSET_PATHS = "\"iOS-DollarCostAveraging/Preview Content\"";
				DEVELOPMENT_TEAM = 69CPQG929Z;
				ENABLE_PREVIEWS = YES;
				GENERATE_INFOPLIST_FILE = YES;
				INFOPLIST_KEY_UIApplicationSceneManifest_Generation = YES;
				INFOPLIST_KEY_UIApplicationSupportsIndirectInputEvents = YES;
				INFOPLIST_KEY_UILaunchScreen_Generation = YES;
				INFOPLIST_KEY_UISupportedInterfaceOrientations_iPad = "UIInterfaceOrientationPortrait UIInterfaceOrientationPortraitUpsideDown UIInterfaceOrientationLandscapeLeft UIInterfaceOrientationLandscapeRight";
				INFOPLIST_KEY_UISupportedInterfaceOrientations_iPhone = "UIInterfaceOrientationPortrait UIInterfaceOrientationLandscapeLeft UIInterfaceOrientationLandscapeRight";
				LD_RUNPATH_SEARCH_PATHS = (
					"$(inherited)",
					"@executable_path/Frameworks",
				);
				MARKETING_VERSION = 1.0;
				PRODUCT_BUNDLE_IDENTIFIER = "com.marinamcpeak.iOS-DollarCostAveraging";
				PRODUCT_NAME = "$(TARGET_NAME)";
				SWIFT_EMIT_LOC_STRINGS = YES;
				SWIFT_VERSION = 5.0;
				TARGETED_DEVICE_FAMILY = "1,2";
			};
			name = Debug;
		};
		058C53C6287CDACB00235177 /* Release */ = {
			isa = XCBuildConfiguration;
			buildSettings = {
				ASSETCATALOG_COMPILER_APPICON_NAME = AppIcon;
				ASSETCATALOG_COMPILER_GLOBAL_ACCENT_COLOR_NAME = AccentColor;
				CODE_SIGN_STYLE = Automatic;
				CURRENT_PROJECT_VERSION = 1;
				DEVELOPMENT_ASSET_PATHS = "\"iOS-DollarCostAveraging/Preview Content\"";
				DEVELOPMENT_TEAM = 69CPQG929Z;
				ENABLE_PREVIEWS = YES;
				GENERATE_INFOPLIST_FILE = YES;
				INFOPLIST_KEY_UIApplicationSceneManifest_Generation = YES;
				INFOPLIST_KEY_UIApplicationSupportsIndirectInputEvents = YES;
				INFOPLIST_KEY_UILaunchScreen_Generation = YES;
				INFOPLIST_KEY_UISupportedInterfaceOrientations_iPad = "UIInterfaceOrientationPortrait UIInterfaceOrientationPortraitUpsideDown UIInterfaceOrientationLandscapeLeft UIInterfaceOrientationLandscapeRight";
				INFOPLIST_KEY_UISupportedInterfaceOrientations_iPhone = "UIInterfaceOrientationPortrait UIInterfaceOrientationLandscapeLeft UIInterfaceOrientationLandscapeRight";
				LD_RUNPATH_SEARCH_PATHS = (
					"$(inherited)",
					"@executable_path/Frameworks",
				);
				MARKETING_VERSION = 1.0;
				PRODUCT_BUNDLE_IDENTIFIER = "com.marinamcpeak.iOS-DollarCostAveraging";
				PRODUCT_NAME = "$(TARGET_NAME)";
				SWIFT_EMIT_LOC_STRINGS = YES;
				SWIFT_VERSION = 5.0;
				TARGETED_DEVICE_FAMILY = "1,2";
			};
			name = Release;
		};
		058C53C8287CDACB00235177 /* Debug */ = {
			isa = XCBuildConfiguration;
			buildSettings = {
				ALWAYS_EMBED_SWIFT_STANDARD_LIBRARIES = YES;
				BUNDLE_LOADER = "$(TEST_HOST)";
				CODE_SIGN_STYLE = Automatic;
				CURRENT_PROJECT_VERSION = 1;
				DEVELOPMENT_TEAM = 69CPQG929Z;
				GENERATE_INFOPLIST_FILE = YES;
				IPHONEOS_DEPLOYMENT_TARGET = 15.5;
				MARKETING_VERSION = 1.0;
				PRODUCT_BUNDLE_IDENTIFIER = "com.marinamcpeak.iOS-DollarCostAveragingTests";
				PRODUCT_NAME = "$(TARGET_NAME)";
				SWIFT_EMIT_LOC_STRINGS = NO;
				SWIFT_VERSION = 5.0;
				TARGETED_DEVICE_FAMILY = "1,2";
				TEST_HOST = "$(BUILT_PRODUCTS_DIR)/iOS-DollarCostAveraging.app/iOS-DollarCostAveraging";
			};
			name = Debug;
		};
		058C53C9287CDACB00235177 /* Release */ = {
			isa = XCBuildConfiguration;
			buildSettings = {
				ALWAYS_EMBED_SWIFT_STANDARD_LIBRARIES = YES;
				BUNDLE_LOADER = "$(TEST_HOST)";
				CODE_SIGN_STYLE = Automatic;
				CURRENT_PROJECT_VERSION = 1;
				DEVELOPMENT_TEAM = 69CPQG929Z;
				GENERATE_INFOPLIST_FILE = YES;
				IPHONEOS_DEPLOYMENT_TARGET = 15.5;
				MARKETING_VERSION = 1.0;
				PRODUCT_BUNDLE_IDENTIFIER = "com.marinamcpeak.iOS-DollarCostAveragingTests";
				PRODUCT_NAME = "$(TARGET_NAME)";
				SWIFT_EMIT_LOC_STRINGS = NO;
				SWIFT_VERSION = 5.0;
				TARGETED_DEVICE_FAMILY = "1,2";
				TEST_HOST = "$(BUILT_PRODUCTS_DIR)/iOS-DollarCostAveraging.app/iOS-DollarCostAveraging";
			};
			name = Release;
		};
		058C53CB287CDACB00235177 /* Debug */ = {
			isa = XCBuildConfiguration;
			buildSettings = {
				ALWAYS_EMBED_SWIFT_STANDARD_LIBRARIES = YES;
				CODE_SIGN_STYLE = Automatic;
				CURRENT_PROJECT_VERSION = 1;
				DEVELOPMENT_TEAM = 69CPQG929Z;
				GENERATE_INFOPLIST_FILE = YES;
				MARKETING_VERSION = 1.0;
				PRODUCT_BUNDLE_IDENTIFIER = "com.marinamcpeak.iOS-DollarCostAveragingUITests";
				PRODUCT_NAME = "$(TARGET_NAME)";
				SWIFT_EMIT_LOC_STRINGS = NO;
				SWIFT_VERSION = 5.0;
				TARGETED_DEVICE_FAMILY = "1,2";
				TEST_TARGET_NAME = "iOS-DollarCostAveraging";
			};
			name = Debug;
		};
		058C53CC287CDACB00235177 /* Release */ = {
			isa = XCBuildConfiguration;
			buildSettings = {
				ALWAYS_EMBED_SWIFT_STANDARD_LIBRARIES = YES;
				CODE_SIGN_STYLE = Automatic;
				CURRENT_PROJECT_VERSION = 1;
				DEVELOPMENT_TEAM = 69CPQG929Z;
				GENERATE_INFOPLIST_FILE = YES;
				MARKETING_VERSION = 1.0;
				PRODUCT_BUNDLE_IDENTIFIER = "com.marinamcpeak.iOS-DollarCostAveragingUITests";
				PRODUCT_NAME = "$(TARGET_NAME)";
				SWIFT_EMIT_LOC_STRINGS = NO;
				SWIFT_VERSION = 5.0;
				TARGETED_DEVICE_FAMILY = "1,2";
				TEST_TARGET_NAME = "iOS-DollarCostAveraging";
			};
			name = Release;
		};
/* End XCBuildConfiguration section */

/* Begin XCConfigurationList section */
		058C539B287CDACA00235177 /* Build configuration list for PBXProject "iOS-DollarCostAveraging" */ = {
			isa = XCConfigurationList;
			buildConfigurations = (
				058C53C2287CDACB00235177 /* Debug */,
				058C53C3287CDACB00235177 /* Release */,
			);
			defaultConfigurationIsVisible = 0;
			defaultConfigurationName = Release;
		};
		058C53C4287CDACB00235177 /* Build configuration list for PBXNativeTarget "iOS-DollarCostAveraging" */ = {
			isa = XCConfigurationList;
			buildConfigurations = (
				058C53C5287CDACB00235177 /* Debug */,
				058C53C6287CDACB00235177 /* Release */,
			);
			defaultConfigurationIsVisible = 0;
			defaultConfigurationName = Release;
		};
		058C53C7287CDACB00235177 /* Build configuration list for PBXNativeTarget "iOS-DollarCostAveragingTests" */ = {
			isa = XCConfigurationList;
			buildConfigurations = (
				058C53C8287CDACB00235177 /* Debug */,
				058C53C9287CDACB00235177 /* Release */,
			);
			defaultConfigurationIsVisible = 0;
			defaultConfigurationName = Release;
		};
		058C53CA287CDACB00235177 /* Build configuration list for PBXNativeTarget "iOS-DollarCostAveragingUITests" */ = {
			isa = XCConfigurationList;
			buildConfigurations = (
				058C53CB287CDACB00235177 /* Debug */,
				058C53CC287CDACB00235177 /* Release */,
			);
			defaultConfigurationIsVisible = 0;
			defaultConfigurationName = Release;
		};
/* End XCConfigurationList section */
	};
	rootObject = 058C5398287CDACA00235177 /* Project object */;
}
