// !$*UTF8*$!
{
	archiveVersion = 1;
	classes = {
	};
	objectVersion = 55;
	objects = {

/* Begin PBXBuildFile section */
		05C3017227C1B07B00588B11 /* AppDelegate.swift in Sources */ = {isa = PBXBuildFile; fileRef = 05C3017127C1B07B00588B11 /* AppDelegate.swift */; };
		05C3017427C1B07B00588B11 /* SceneDelegate.swift in Sources */ = {isa = PBXBuildFile; fileRef = 05C3017327C1B07B00588B11 /* SceneDelegate.swift */; };
		05C3017627C1B07B00588B11 /* SearchTableViewController.swift in Sources */ = {isa = PBXBuildFile; fileRef = 05C3017527C1B07B00588B11 /* SearchTableViewController.swift */; };
		05C3017927C1B07B00588B11 /* Main.storyboard in Resources */ = {isa = PBXBuildFile; fileRef = 05C3017727C1B07B00588B11 /* Main.storyboard */; };
		05C3017B27C1B07C00588B11 /* Assets.xcassets in Resources */ = {isa = PBXBuildFile; fileRef = 05C3017A27C1B07C00588B11 /* Assets.xcassets */; };
		05C3017E27C1B07C00588B11 /* LaunchScreen.storyboard in Resources */ = {isa = PBXBuildFile; fileRef = 05C3017C27C1B07C00588B11 /* LaunchScreen.storyboard */; };
		05C3018627C1B0C500588B11 /* Podfile in Resources */ = {isa = PBXBuildFile; fileRef = 05C3018527C1B0C500588B11 /* Podfile */; };
		941B12652B461EABFDADE7F5 /* Pods_iOS_DollarCostAveraging.framework in Frameworks */ = {isa = PBXBuildFile; fileRef = CAC83AFB7FB849B29E8745BA /* Pods_iOS_DollarCostAveraging.framework */; };
/* End PBXBuildFile section */

/* Begin PBXFileReference section */
		05C3016E27C1B07B00588B11 /* iOS-DollarCostAveraging.app */ = {isa = PBXFileReference; explicitFileType = wrapper.application; includeInIndex = 0; path = "iOS-DollarCostAveraging.app"; sourceTree = BUILT_PRODUCTS_DIR; };
		05C3017127C1B07B00588B11 /* AppDelegate.swift */ = {isa = PBXFileReference; lastKnownFileType = sourcecode.swift; path = AppDelegate.swift; sourceTree = "<group>"; };
		05C3017327C1B07B00588B11 /* SceneDelegate.swift */ = {isa = PBXFileReference; lastKnownFileType = sourcecode.swift; path = SceneDelegate.swift; sourceTree = "<group>"; };
		05C3017527C1B07B00588B11 /* SearchTableViewController.swift */ = {isa = PBXFileReference; lastKnownFileType = sourcecode.swift; path = SearchTableViewController.swift; sourceTree = "<group>"; };
		05C3017827C1B07B00588B11 /* Base */ = {isa = PBXFileReference; lastKnownFileType = file.storyboard; name = Base; path = Base.lproj/Main.storyboard; sourceTree = "<group>"; };
		05C3017A27C1B07C00588B11 /* Assets.xcassets */ = {isa = PBXFileReference; lastKnownFileType = folder.assetcatalog; path = Assets.xcassets; sourceTree = "<group>"; };
		05C3017D27C1B07C00588B11 /* Base */ = {isa = PBXFileReference; lastKnownFileType = file.storyboard; name = Base; path = Base.lproj/LaunchScreen.storyboard; sourceTree = "<group>"; };
		05C3017F27C1B07C00588B11 /* Info.plist */ = {isa = PBXFileReference; lastKnownFileType = text.plist.xml; path = Info.plist; sourceTree = "<group>"; };
		05C3018527C1B0C500588B11 /* Podfile */ = {isa = PBXFileReference; fileEncoding = 4; lastKnownFileType = text; path = Podfile; sourceTree = SOURCE_ROOT; };
		89E3695595F056118CCAB92D /* Pods-iOS-DollarCostAveraging.release.xcconfig */ = {isa = PBXFileReference; includeInIndex = 1; lastKnownFileType = text.xcconfig; name = "Pods-iOS-DollarCostAveraging.release.xcconfig"; path = "Target Support Files/Pods-iOS-DollarCostAveraging/Pods-iOS-DollarCostAveraging.release.xcconfig"; sourceTree = "<group>"; };
		CAC83AFB7FB849B29E8745BA /* Pods_iOS_DollarCostAveraging.framework */ = {isa = PBXFileReference; explicitFileType = wrapper.framework; includeInIndex = 0; path = Pods_iOS_DollarCostAveraging.framework; sourceTree = BUILT_PRODUCTS_DIR; };
		EB563A0D76E3097B274934B1 /* Pods-iOS-DollarCostAveraging.debug.xcconfig */ = {isa = PBXFileReference; includeInIndex = 1; lastKnownFileType = text.xcconfig; name = "Pods-iOS-DollarCostAveraging.debug.xcconfig"; path = "Target Support Files/Pods-iOS-DollarCostAveraging/Pods-iOS-DollarCostAveraging.debug.xcconfig"; sourceTree = "<group>"; };
/* End PBXFileReference section */

/* Begin PBXFrameworksBuildPhase section */
		05C3016B27C1B07B00588B11 /* Frameworks */ = {
			isa = PBXFrameworksBuildPhase;
			buildActionMask = 2147483647;
			files = (
				941B12652B461EABFDADE7F5 /* Pods_iOS_DollarCostAveraging.framework in Frameworks */,
			);
			runOnlyForDeploymentPostprocessing = 0;
		};
/* End PBXFrameworksBuildPhase section */

/* Begin PBXGroup section */
		05C3016527C1B07B00588B11 = {
			isa = PBXGroup;
			children = (
				05C3018527C1B0C500588B11 /* Podfile */,
				05C3017027C1B07B00588B11 /* iOS-DollarCostAveraging */,
				05C3016F27C1B07B00588B11 /* Products */,
				B86262A61831E11FAB94BEB6 /* Pods */,
				5EF023D747EF665E73B2D82F /* Frameworks */,
			);
			sourceTree = "<group>";
		};
		05C3016F27C1B07B00588B11 /* Products */ = {
			isa = PBXGroup;
			children = (
				05C3016E27C1B07B00588B11 /* iOS-DollarCostAveraging.app */,
			);
			name = Products;
			sourceTree = "<group>";
		};
		05C3017027C1B07B00588B11 /* iOS-DollarCostAveraging */ = {
			isa = PBXGroup;
			children = (
				05C3017127C1B07B00588B11 /* AppDelegate.swift */,
				05C3017327C1B07B00588B11 /* SceneDelegate.swift */,
				05C3017527C1B07B00588B11 /* SearchTableViewController.swift */,
				05C3017727C1B07B00588B11 /* Main.storyboard */,
				05C3017A27C1B07C00588B11 /* Assets.xcassets */,
				05C3017C27C1B07C00588B11 /* LaunchScreen.storyboard */,
				05C3017F27C1B07C00588B11 /* Info.plist */,
			);
			path = "iOS-DollarCostAveraging";
			sourceTree = "<group>";
		};
		5EF023D747EF665E73B2D82F /* Frameworks */ = {
			isa = PBXGroup;
			children = (
				CAC83AFB7FB849B29E8745BA /* Pods_iOS_DollarCostAveraging.framework */,
			);
			name = Frameworks;
			sourceTree = "<group>";
		};
		B86262A61831E11FAB94BEB6 /* Pods */ = {
			isa = PBXGroup;
			children = (
				EB563A0D76E3097B274934B1 /* Pods-iOS-DollarCostAveraging.debug.xcconfig */,
				89E3695595F056118CCAB92D /* Pods-iOS-DollarCostAveraging.release.xcconfig */,
			);
			path = Pods;
			sourceTree = "<group>";
		};
/* End PBXGroup section */

/* Begin PBXNativeTarget section */
		05C3016D27C1B07B00588B11 /* iOS-DollarCostAveraging */ = {
			isa = PBXNativeTarget;
			buildConfigurationList = 05C3018227C1B07C00588B11 /* Build configuration list for PBXNativeTarget "iOS-DollarCostAveraging" */;
			buildPhases = (
				D3E02327A051F650EA525F66 /* [CP] Check Pods Manifest.lock */,
				05C3016A27C1B07B00588B11 /* Sources */,
				05C3016B27C1B07B00588B11 /* Frameworks */,
				05C3016C27C1B07B00588B11 /* Resources */,
				7D27A235BCD28838AC60D26C /* [CP] Embed Pods Frameworks */,
			);
			buildRules = (
			);
			dependencies = (
			);
			name = "iOS-DollarCostAveraging";
			productName = "iOS-DollarCostAveraging";
			productReference = 05C3016E27C1B07B00588B11 /* iOS-DollarCostAveraging.app */;
			productType = "com.apple.product-type.application";
		};
/* End PBXNativeTarget section */

/* Begin PBXProject section */
		05C3016627C1B07B00588B11 /* Project object */ = {
			isa = PBXProject;
			attributes = {
				BuildIndependentTargetsInParallel = 1;
				LastSwiftUpdateCheck = 1320;
				LastUpgradeCheck = 1320;
				TargetAttributes = {
					05C3016D27C1B07B00588B11 = {
						CreatedOnToolsVersion = 13.2.1;
					};
				};
			};
			buildConfigurationList = 05C3016927C1B07B00588B11 /* Build configuration list for PBXProject "iOS-DollarCostAveraging" */;
			compatibilityVersion = "Xcode 13.0";
			developmentRegion = en;
			hasScannedForEncodings = 0;
			knownRegions = (
				en,
				Base,
			);
			mainGroup = 05C3016527C1B07B00588B11;
			productRefGroup = 05C3016F27C1B07B00588B11 /* Products */;
			projectDirPath = "";
			projectRoot = "";
			targets = (
				05C3016D27C1B07B00588B11 /* iOS-DollarCostAveraging */,
			);
		};
/* End PBXProject section */

/* Begin PBXResourcesBuildPhase section */
		05C3016C27C1B07B00588B11 /* Resources */ = {
			isa = PBXResourcesBuildPhase;
			buildActionMask = 2147483647;
			files = (
				05C3017E27C1B07C00588B11 /* LaunchScreen.storyboard in Resources */,
				05C3017B27C1B07C00588B11 /* Assets.xcassets in Resources */,
				05C3018627C1B0C500588B11 /* Podfile in Resources */,
				05C3017927C1B07B00588B11 /* Main.storyboard in Resources */,
			);
			runOnlyForDeploymentPostprocessing = 0;
		};
/* End PBXResourcesBuildPhase section */

/* Begin PBXShellScriptBuildPhase section */
		7D27A235BCD28838AC60D26C /* [CP] Embed Pods Frameworks */ = {
			isa = PBXShellScriptBuildPhase;
			buildActionMask = 2147483647;
			files = (
			);
			inputFileListPaths = (
				"${PODS_ROOT}/Target Support Files/Pods-iOS-DollarCostAveraging/Pods-iOS-DollarCostAveraging-frameworks-${CONFIGURATION}-input-files.xcfilelist",
			);
			name = "[CP] Embed Pods Frameworks";
			outputFileListPaths = (
				"${PODS_ROOT}/Target Support Files/Pods-iOS-DollarCostAveraging/Pods-iOS-DollarCostAveraging-frameworks-${CONFIGURATION}-output-files.xcfilelist",
			);
			runOnlyForDeploymentPostprocessing = 0;
			shellPath = /bin/sh;
			shellScript = "\"${PODS_ROOT}/Target Support Files/Pods-iOS-DollarCostAveraging/Pods-iOS-DollarCostAveraging-frameworks.sh\"\n";
			showEnvVarsInLog = 0;
		};
		D3E02327A051F650EA525F66 /* [CP] Check Pods Manifest.lock */ = {
			isa = PBXShellScriptBuildPhase;
			buildActionMask = 2147483647;
			files = (
			);
			inputFileListPaths = (
			);
			inputPaths = (
				"${PODS_PODFILE_DIR_PATH}/Podfile.lock",
				"${PODS_ROOT}/Manifest.lock",
			);
			name = "[CP] Check Pods Manifest.lock";
			outputFileListPaths = (
			);
			outputPaths = (
				"$(DERIVED_FILE_DIR)/Pods-iOS-DollarCostAveraging-checkManifestLockResult.txt",
			);
			runOnlyForDeploymentPostprocessing = 0;
			shellPath = /bin/sh;
			shellScript = "diff \"${PODS_PODFILE_DIR_PATH}/Podfile.lock\" \"${PODS_ROOT}/Manifest.lock\" > /dev/null\nif [ $? != 0 ] ; then\n    # print error to STDERR\n    echo \"error: The sandbox is not in sync with the Podfile.lock. Run 'pod install' or update your CocoaPods installation.\" >&2\n    exit 1\nfi\n# This output is used by Xcode 'outputs' to avoid re-running this script phase.\necho \"SUCCESS\" > \"${SCRIPT_OUTPUT_FILE_0}\"\n";
			showEnvVarsInLog = 0;
		};
/* End PBXShellScriptBuildPhase section */

/* Begin PBXSourcesBuildPhase section */
		05C3016A27C1B07B00588B11 /* Sources */ = {
			isa = PBXSourcesBuildPhase;
			buildActionMask = 2147483647;
			files = (
				05C3017627C1B07B00588B11 /* SearchTableViewController.swift in Sources */,
				05C3017227C1B07B00588B11 /* AppDelegate.swift in Sources */,
				05C3017427C1B07B00588B11 /* SceneDelegate.swift in Sources */,
			);
			runOnlyForDeploymentPostprocessing = 0;
		};
/* End PBXSourcesBuildPhase section */

/* Begin PBXVariantGroup section */
		05C3017727C1B07B00588B11 /* Main.storyboard */ = {
			isa = PBXVariantGroup;
			children = (
				05C3017827C1B07B00588B11 /* Base */,
			);
			name = Main.storyboard;
			sourceTree = "<group>";
		};
		05C3017C27C1B07C00588B11 /* LaunchScreen.storyboard */ = {
			isa = PBXVariantGroup;
			children = (
				05C3017D27C1B07C00588B11 /* Base */,
			);
			name = LaunchScreen.storyboard;
			sourceTree = "<group>";
		};
/* End PBXVariantGroup section */

/* Begin XCBuildConfiguration section */
		05C3018027C1B07C00588B11 /* Debug */ = {
			isa = XCBuildConfiguration;
			buildSettings = {
				ALWAYS_SEARCH_USER_PATHS = NO;
				CLANG_ANALYZER_NONNULL = YES;
				CLANG_ANALYZER_NUMBER_OBJECT_CONVERSION = YES_AGGRESSIVE;
				CLANG_CXX_LANGUAGE_STANDARD = "gnu++17";
				CLANG_CXX_LIBRARY = "libc++";
				CLANG_ENABLE_MODULES = YES;
				CLANG_ENABLE_OBJC_ARC = YES;
				CLANG_ENABLE_OBJC_WEAK = YES;
				CLANG_WARN_BLOCK_CAPTURE_AUTORELEASING = YES;
				CLANG_WARN_BOOL_CONVERSION = YES;
				CLANG_WARN_COMMA = YES;
				CLANG_WARN_CONSTANT_CONVERSION = YES;
				CLANG_WARN_DEPRECATED_OBJC_IMPLEMENTATIONS = YES;
				CLANG_WARN_DIRECT_OBJC_ISA_USAGE = YES_ERROR;
				CLANG_WARN_DOCUMENTATION_COMMENTS = YES;
				CLANG_WARN_EMPTY_BODY = YES;
				CLANG_WARN_ENUM_CONVERSION = YES;
				CLANG_WARN_INFINITE_RECURSION = YES;
				CLANG_WARN_INT_CONVERSION = YES;
				CLANG_WARN_NON_LITERAL_NULL_CONVERSION = YES;
				CLANG_WARN_OBJC_IMPLICIT_RETAIN_SELF = YES;
				CLANG_WARN_OBJC_LITERAL_CONVERSION = YES;
				CLANG_WARN_OBJC_ROOT_CLASS = YES_ERROR;
				CLANG_WARN_QUOTED_INCLUDE_IN_FRAMEWORK_HEADER = YES;
				CLANG_WARN_RANGE_LOOP_ANALYSIS = YES;
				CLANG_WARN_STRICT_PROTOTYPES = YES;
				CLANG_WARN_SUSPICIOUS_MOVE = YES;
				CLANG_WARN_UNGUARDED_AVAILABILITY = YES_AGGRESSIVE;
				CLANG_WARN_UNREACHABLE_CODE = YES;
				CLANG_WARN__DUPLICATE_METHOD_MATCH = YES;
				COPY_PHASE_STRIP = NO;
				DEBUG_INFORMATION_FORMAT = dwarf;
				ENABLE_STRICT_OBJC_MSGSEND = YES;
				ENABLE_TESTABILITY = YES;
				GCC_C_LANGUAGE_STANDARD = gnu11;
				GCC_DYNAMIC_NO_PIC = NO;
				GCC_NO_COMMON_BLOCKS = YES;
				GCC_OPTIMIZATION_LEVEL = 0;
				GCC_PREPROCESSOR_DEFINITIONS = (
					"DEBUG=1",
					"$(inherited)",
				);
				GCC_WARN_64_TO_32_BIT_CONVERSION = YES;
				GCC_WARN_ABOUT_RETURN_TYPE = YES_ERROR;
				GCC_WARN_UNDECLARED_SELECTOR = YES;
				GCC_WARN_UNINITIALIZED_AUTOS = YES_AGGRESSIVE;
				GCC_WARN_UNUSED_FUNCTION = YES;
				GCC_WARN_UNUSED_VARIABLE = YES;
				IPHONEOS_DEPLOYMENT_TARGET = 15.2;
				MTL_ENABLE_DEBUG_INFO = INCLUDE_SOURCE;
				MTL_FAST_MATH = YES;
				ONLY_ACTIVE_ARCH = YES;
				SDKROOT = iphoneos;
				SWIFT_ACTIVE_COMPILATION_CONDITIONS = DEBUG;
				SWIFT_OPTIMIZATION_LEVEL = "-Onone";
			};
			name = Debug;
		};
		05C3018127C1B07C00588B11 /* Release */ = {
			isa = XCBuildConfiguration;
			buildSettings = {
				ALWAYS_SEARCH_USER_PATHS = NO;
				CLANG_ANALYZER_NONNULL = YES;
				CLANG_ANALYZER_NUMBER_OBJECT_CONVERSION = YES_AGGRESSIVE;
				CLANG_CXX_LANGUAGE_STANDARD = "gnu++17";
				CLANG_CXX_LIBRARY = "libc++";
				CLANG_ENABLE_MODULES = YES;
				CLANG_ENABLE_OBJC_ARC = YES;
				CLANG_ENABLE_OBJC_WEAK = YES;
				CLANG_WARN_BLOCK_CAPTURE_AUTORELEASING = YES;
				CLANG_WARN_BOOL_CONVERSION = YES;
				CLANG_WARN_COMMA = YES;
				CLANG_WARN_CONSTANT_CONVERSION = YES;
				CLANG_WARN_DEPRECATED_OBJC_IMPLEMENTATIONS = YES;
				CLANG_WARN_DIRECT_OBJC_ISA_USAGE = YES_ERROR;
				CLANG_WARN_DOCUMENTATION_COMMENTS = YES;
				CLANG_WARN_EMPTY_BODY = YES;
				CLANG_WARN_ENUM_CONVERSION = YES;
				CLANG_WARN_INFINITE_RECURSION = YES;
				CLANG_WARN_INT_CONVERSION = YES;
				CLANG_WARN_NON_LITERAL_NULL_CONVERSION = YES;
				CLANG_WARN_OBJC_IMPLICIT_RETAIN_SELF = YES;
				CLANG_WARN_OBJC_LITERAL_CONVERSION = YES;
				CLANG_WARN_OBJC_ROOT_CLASS = YES_ERROR;
				CLANG_WARN_QUOTED_INCLUDE_IN_FRAMEWORK_HEADER = YES;
				CLANG_WARN_RANGE_LOOP_ANALYSIS = YES;
				CLANG_WARN_STRICT_PROTOTYPES = YES;
				CLANG_WARN_SUSPICIOUS_MOVE = YES;
				CLANG_WARN_UNGUARDED_AVAILABILITY = YES_AGGRESSIVE;
				CLANG_WARN_UNREACHABLE_CODE = YES;
				CLANG_WARN__DUPLICATE_METHOD_MATCH = YES;
				COPY_PHASE_STRIP = NO;
				DEBUG_INFORMATION_FORMAT = "dwarf-with-dsym";
				ENABLE_NS_ASSERTIONS = NO;
				ENABLE_STRICT_OBJC_MSGSEND = YES;
				GCC_C_LANGUAGE_STANDARD = gnu11;
				GCC_NO_COMMON_BLOCKS = YES;
				GCC_WARN_64_TO_32_BIT_CONVERSION = YES;
				GCC_WARN_ABOUT_RETURN_TYPE = YES_ERROR;
				GCC_WARN_UNDECLARED_SELECTOR = YES;
				GCC_WARN_UNINITIALIZED_AUTOS = YES_AGGRESSIVE;
				GCC_WARN_UNUSED_FUNCTION = YES;
				GCC_WARN_UNUSED_VARIABLE = YES;
				IPHONEOS_DEPLOYMENT_TARGET = 15.2;
				MTL_ENABLE_DEBUG_INFO = NO;
				MTL_FAST_MATH = YES;
				SDKROOT = iphoneos;
				SWIFT_COMPILATION_MODE = wholemodule;
				SWIFT_OPTIMIZATION_LEVEL = "-O";
				VALIDATE_PRODUCT = YES;
			};
			name = Release;
		};
		05C3018327C1B07C00588B11 /* Debug */ = {
			isa = XCBuildConfiguration;
			baseConfigurationReference = EB563A0D76E3097B274934B1 /* Pods-iOS-DollarCostAveraging.debug.xcconfig */;
			buildSettings = {
				ASSETCATALOG_COMPILER_APPICON_NAME = AppIcon;
				ASSETCATALOG_COMPILER_GLOBAL_ACCENT_COLOR_NAME = AccentColor;
				CODE_SIGN_STYLE = Automatic;
				CURRENT_PROJECT_VERSION = 1;
				DEVELOPMENT_TEAM = 69CPQG929Z;
				GENERATE_INFOPLIST_FILE = YES;
				INFOPLIST_FILE = "iOS-DollarCostAveraging/Info.plist";
				INFOPLIST_KEY_UIApplicationSupportsIndirectInputEvents = YES;
				INFOPLIST_KEY_UILaunchStoryboardName = LaunchScreen;
				INFOPLIST_KEY_UIMainStoryboardFile = Main;
				INFOPLIST_KEY_UISupportedInterfaceOrientations_iPad = "UIInterfaceOrientationPortrait UIInterfaceOrientationPortraitUpsideDown UIInterfaceOrientationLandscapeLeft UIInterfaceOrientationLandscapeRight";
				INFOPLIST_KEY_UISupportedInterfaceOrientations_iPhone = "UIInterfaceOrientationPortrait UIInterfaceOrientationLandscapeLeft UIInterfaceOrientationLandscapeRight";
				LD_RUNPATH_SEARCH_PATHS = (
					"$(inherited)",
					"@executable_path/Frameworks",
				);
				MARKETING_VERSION = 1.0;
				PRODUCT_BUNDLE_IDENTIFIER = "com.marinamcpeak.iOS-DollarCostAveraging";
				PRODUCT_NAME = "$(TARGET_NAME)";
				SWIFT_EMIT_LOC_STRINGS = YES;
				SWIFT_VERSION = 5.0;
				TARGETED_DEVICE_FAMILY = "1,2";
			};
			name = Debug;
		};
		05C3018427C1B07C00588B11 /* Release */ = {
			isa = XCBuildConfiguration;
			baseConfigurationReference = 89E3695595F056118CCAB92D /* Pods-iOS-DollarCostAveraging.release.xcconfig */;
			buildSettings = {
				ASSETCATALOG_COMPILER_APPICON_NAME = AppIcon;
				ASSETCATALOG_COMPILER_GLOBAL_ACCENT_COLOR_NAME = AccentColor;
				CODE_SIGN_STYLE = Automatic;
				CURRENT_PROJECT_VERSION = 1;
				DEVELOPMENT_TEAM = 69CPQG929Z;
				GENERATE_INFOPLIST_FILE = YES;
				INFOPLIST_FILE = "iOS-DollarCostAveraging/Info.plist";
				INFOPLIST_KEY_UIApplicationSupportsIndirectInputEvents = YES;
				INFOPLIST_KEY_UILaunchStoryboardName = LaunchScreen;
				INFOPLIST_KEY_UIMainStoryboardFile = Main;
				INFOPLIST_KEY_UISupportedInterfaceOrientations_iPad = "UIInterfaceOrientationPortrait UIInterfaceOrientationPortraitUpsideDown UIInterfaceOrientationLandscapeLeft UIInterfaceOrientationLandscapeRight";
				INFOPLIST_KEY_UISupportedInterfaceOrientations_iPhone = "UIInterfaceOrientationPortrait UIInterfaceOrientationLandscapeLeft UIInterfaceOrientationLandscapeRight";
				LD_RUNPATH_SEARCH_PATHS = (
					"$(inherited)",
					"@executable_path/Frameworks",
				);
				MARKETING_VERSION = 1.0;
				PRODUCT_BUNDLE_IDENTIFIER = "com.marinamcpeak.iOS-DollarCostAveraging";
				PRODUCT_NAME = "$(TARGET_NAME)";
				SWIFT_EMIT_LOC_STRINGS = YES;
				SWIFT_VERSION = 5.0;
				TARGETED_DEVICE_FAMILY = "1,2";
			};
			name = Release;
		};
/* End XCBuildConfiguration section */

/* Begin XCConfigurationList section */
		05C3016927C1B07B00588B11 /* Build configuration list for PBXProject "iOS-DollarCostAveraging" */ = {
			isa = XCConfigurationList;
			buildConfigurations = (
				05C3018027C1B07C00588B11 /* Debug */,
				05C3018127C1B07C00588B11 /* Release */,
			);
			defaultConfigurationIsVisible = 0;
			defaultConfigurationName = Release;
		};
		05C3018227C1B07C00588B11 /* Build configuration list for PBXNativeTarget "iOS-DollarCostAveraging" */ = {
			isa = XCConfigurationList;
			buildConfigurations = (
				05C3018327C1B07C00588B11 /* Debug */,
				05C3018427C1B07C00588B11 /* Release */,
			);
			defaultConfigurationIsVisible = 0;
			defaultConfigurationName = Release;
		};
/* End XCConfigurationList section */
	};
	rootObject = 05C3016627C1B07B00588B11 /* Project object */;
}
